// !$*UTF8*$!
{
	archiveVersion = 1;
	classes = {
	};
	objectVersion = 56;
	objects = {

/* Begin PBXBuildFile section */
		7BCFFA7F2A25E1CC00D27B98 /* Unit_ConversionsApp.swift in Sources */ = {isa = PBXBuildFile; fileRef = 7BCFFA7E2A25E1CC00D27B98 /* Unit_ConversionsApp.swift */; };
		7BCFFA812A25E1CC00D27B98 /* ContentView.swift in Sources */ = {isa = PBXBuildFile; fileRef = 7BCFFA802A25E1CC00D27B98 /* ContentView.swift */; };
		7BCFFA832A25E1CD00D27B98 /* Assets.xcassets in Resources */ = {isa = PBXBuildFile; fileRef = 7BCFFA822A25E1CD00D27B98 /* Assets.xcassets */; };
		7BCFFA862A25E1CD00D27B98 /* Preview Assets.xcassets in Resources */ = {isa = PBXBuildFile; fileRef = 7BCFFA852A25E1CD00D27B98 /* Preview Assets.xcassets */; };
		7BCFFA8D2A2638E300D27B98 /* UnitTypes.swift in Sources */ = {isa = PBXBuildFile; fileRef = 7BCFFA8C2A2638E300D27B98 /* UnitTypes.swift */; };
		7BCFFA8F2A26398400D27B98 /* NamedUnit.swift in Sources */ = {isa = PBXBuildFile; fileRef = 7BCFFA8E2A26398400D27B98 /* NamedUnit.swift */; };
		7BCFFA922A263A1C00D27B98 /* Temperature.swift in Sources */ = {isa = PBXBuildFile; fileRef = 7BCFFA912A263A1C00D27B98 /* Temperature.swift */; };
		7BCFFA942A263B3300D27B98 /* Length.swift in Sources */ = {isa = PBXBuildFile; fileRef = 7BCFFA932A263B3300D27B98 /* Length.swift */; };
		7BCFFA962A263BF500D27B98 /* Time.swift in Sources */ = {isa = PBXBuildFile; fileRef = 7BCFFA952A263BF500D27B98 /* Time.swift */; };
		7BCFFA982A263CF700D27B98 /* Volume.swift in Sources */ = {isa = PBXBuildFile; fileRef = 7BCFFA972A263CF700D27B98 /* Volume.swift */; };
/* End PBXBuildFile section */

/* Begin PBXFileReference section */
		7BCFFA7B2A25E1CC00D27B98 /* Unit_Conversions.app */ = {isa = PBXFileReference; explicitFileType = wrapper.application; includeInIndex = 0; path = Unit_Conversions.app; sourceTree = BUILT_PRODUCTS_DIR; };
		7BCFFA7E2A25E1CC00D27B98 /* Unit_ConversionsApp.swift */ = {isa = PBXFileReference; lastKnownFileType = sourcecode.swift; path = Unit_ConversionsApp.swift; sourceTree = "<group>"; };
		7BCFFA802A25E1CC00D27B98 /* ContentView.swift */ = {isa = PBXFileReference; lastKnownFileType = sourcecode.swift; path = ContentView.swift; sourceTree = "<group>"; };
		7BCFFA822A25E1CD00D27B98 /* Assets.xcassets */ = {isa = PBXFileReference; lastKnownFileType = folder.assetcatalog; path = Assets.xcassets; sourceTree = "<group>"; };
		7BCFFA852A25E1CD00D27B98 /* Preview Assets.xcassets */ = {isa = PBXFileReference; lastKnownFileType = folder.assetcatalog; path = "Preview Assets.xcassets"; sourceTree = "<group>"; };
		7BCFFA8C2A2638E300D27B98 /* UnitTypes.swift */ = {isa = PBXFileReference; lastKnownFileType = sourcecode.swift; path = UnitTypes.swift; sourceTree = "<group>"; };
		7BCFFA8E2A26398400D27B98 /* NamedUnit.swift */ = {isa = PBXFileReference; lastKnownFileType = sourcecode.swift; path = NamedUnit.swift; sourceTree = "<group>"; };
		7BCFFA912A263A1C00D27B98 /* Temperature.swift */ = {isa = PBXFileReference; lastKnownFileType = sourcecode.swift; path = Temperature.swift; sourceTree = "<group>"; };
		7BCFFA932A263B3300D27B98 /* Length.swift */ = {isa = PBXFileReference; lastKnownFileType = sourcecode.swift; path = Length.swift; sourceTree = "<group>"; };
		7BCFFA952A263BF500D27B98 /* Time.swift */ = {isa = PBXFileReference; lastKnownFileType = sourcecode.swift; path = Time.swift; sourceTree = "<group>"; };
		7BCFFA972A263CF700D27B98 /* Volume.swift */ = {isa = PBXFileReference; lastKnownFileType = sourcecode.swift; path = Volume.swift; sourceTree = "<group>"; };
/* End PBXFileReference section */

/* Begin PBXFrameworksBuildPhase section */
		7BCFFA782A25E1CC00D27B98 /* Frameworks */ = {
			isa = PBXFrameworksBuildPhase;
			buildActionMask = 2147483647;
			files = (
			);
			runOnlyForDeploymentPostprocessing = 0;
		};
/* End PBXFrameworksBuildPhase section */

/* Begin PBXGroup section */
		7BCFFA722A25E1CC00D27B98 = {
			isa = PBXGroup;
			children = (
				7BCFFA7D2A25E1CC00D27B98 /* Unit_Conversions */,
				7BCFFA7C2A25E1CC00D27B98 /* Products */,
			);
			sourceTree = "<group>";
		};
		7BCFFA7C2A25E1CC00D27B98 /* Products */ = {
			isa = PBXGroup;
			children = (
				7BCFFA7B2A25E1CC00D27B98 /* Unit_Conversions.app */,
			);
			name = Products;
			sourceTree = "<group>";
		};
		7BCFFA7D2A25E1CC00D27B98 /* Unit_Conversions */ = {
			isa = PBXGroup;
			children = (
				7BCFFA7E2A25E1CC00D27B98 /* Unit_ConversionsApp.swift */,
				7BCFFA802A25E1CC00D27B98 /* ContentView.swift */,
				7BCFFA902A263A0800D27B98 /* Model */,
				7BCFFA822A25E1CD00D27B98 /* Assets.xcassets */,
				7BCFFA842A25E1CD00D27B98 /* Preview Content */,
			);
			path = Unit_Conversions;
			sourceTree = "<group>";
		};
		7BCFFA842A25E1CD00D27B98 /* Preview Content */ = {
			isa = PBXGroup;
			children = (
				7BCFFA852A25E1CD00D27B98 /* Preview Assets.xcassets */,
			);
			path = "Preview Content";
			sourceTree = "<group>";
		};
		7BCFFA902A263A0800D27B98 /* Model */ = {
			isa = PBXGroup;
			children = (
				7BCFFA8C2A2638E300D27B98 /* UnitTypes.swift */,
				7BCFFA8E2A26398400D27B98 /* NamedUnit.swift */,
				7BCFFA912A263A1C00D27B98 /* Temperature.swift */,
				7BCFFA932A263B3300D27B98 /* Length.swift */,
				7BCFFA952A263BF500D27B98 /* Time.swift */,
				7BCFFA972A263CF700D27B98 /* Volume.swift */,
			);
			path = Model;
			sourceTree = "<group>";
		};
/* End PBXGroup section */

/* Begin PBXNativeTarget section */
		7BCFFA7A2A25E1CC00D27B98 /* Unit_Conversions */ = {
			isa = PBXNativeTarget;
			buildConfigurationList = 7BCFFA892A25E1CD00D27B98 /* Build configuration list for PBXNativeTarget "Unit_Conversions" */;
			buildPhases = (
				7BCFFA772A25E1CC00D27B98 /* Sources */,
				7BCFFA782A25E1CC00D27B98 /* Frameworks */,
				7BCFFA792A25E1CC00D27B98 /* Resources */,
			);
			buildRules = (
			);
			dependencies = (
			);
			name = Unit_Conversions;
			productName = Unit_Conversions;
			productReference = 7BCFFA7B2A25E1CC00D27B98 /* Unit_Conversions.app */;
			productType = "com.apple.product-type.application";
		};
/* End PBXNativeTarget section */

/* Begin PBXProject section */
		7BCFFA732A25E1CC00D27B98 /* Project object */ = {
			isa = PBXProject;
			attributes = {
				BuildIndependentTargetsInParallel = 1;
				LastSwiftUpdateCheck = 1430;
				LastUpgradeCheck = 1430;
				TargetAttributes = {
					7BCFFA7A2A25E1CC00D27B98 = {
						CreatedOnToolsVersion = 14.3;
					};
				};
			};
			buildConfigurationList = 7BCFFA762A25E1CC00D27B98 /* Build configuration list for PBXProject "Unit_Conversions" */;
			compatibilityVersion = "Xcode 14.0";
			developmentRegion = en;
			hasScannedForEncodings = 0;
			knownRegions = (
				en,
				Base,
			);
			mainGroup = 7BCFFA722A25E1CC00D27B98;
			productRefGroup = 7BCFFA7C2A25E1CC00D27B98 /* Products */;
			projectDirPath = "";
			projectRoot = "";
			targets = (
				7BCFFA7A2A25E1CC00D27B98 /* Unit_Conversions */,
			);
		};
/* End PBXProject section */

/* Begin PBXResourcesBuildPhase section */
		7BCFFA792A25E1CC00D27B98 /* Resources */ = {
			isa = PBXResourcesBuildPhase;
			buildActionMask = 2147483647;
			files = (
				7BCFFA862A25E1CD00D27B98 /* Preview Assets.xcassets in Resources */,
				7BCFFA832A25E1CD00D27B98 /* Assets.xcassets in Resources */,
			);
			runOnlyForDeploymentPostprocessing = 0;
		};
/* End PBXResourcesBuildPhase section */

/* Begin PBXSourcesBuildPhase section */
		7BCFFA772A25E1CC00D27B98 /* Sources */ = {
			isa = PBXSourcesBuildPhase;
			buildActionMask = 2147483647;
			files = (
				7BCFFA962A263BF500D27B98 /* Time.swift in Sources */,
				7BCFFA922A263A1C00D27B98 /* Temperature.swift in Sources */,
				7BCFFA942A263B3300D27B98 /* Length.swift in Sources */,
				7BCFFA812A25E1CC00D27B98 /* ContentView.swift in Sources */,
				7BCFFA7F2A25E1CC00D27B98 /* Unit_ConversionsApp.swift in Sources */,
				7BCFFA8D2A2638E300D27B98 /* UnitTypes.swift in Sources */,
				7BCFFA8F2A26398400D27B98 /* NamedUnit.swift in Sources */,
				7BCFFA982A263CF700D27B98 /* Volume.swift in Sources */,
			);
			runOnlyForDeploymentPostprocessing = 0;
		};
/* End PBXSourcesBuildPhase section */

/* Begin XCBuildConfiguration section */
		7BCFFA872A25E1CD00D27B98 /* Debug */ = {
			isa = XCBuildConfiguration;
			buildSettings = {
				ALWAYS_SEARCH_USER_PATHS = NO;
				CLANG_ANALYZER_NONNULL = YES;
				CLANG_ANALYZER_NUMBER_OBJECT_CONVERSION = YES_AGGRESSIVE;
				CLANG_CXX_LANGUAGE_STANDARD = "gnu++20";
				CLANG_ENABLE_MODULES = YES;
				CLANG_ENABLE_OBJC_ARC = YES;
				CLANG_ENABLE_OBJC_WEAK = YES;
				CLANG_WARN_BLOCK_CAPTURE_AUTORELEASING = YES;
				CLANG_WARN_BOOL_CONVERSION = YES;
				CLANG_WARN_COMMA = YES;
				CLANG_WARN_CONSTANT_CONVERSION = YES;
				CLANG_WARN_DEPRECATED_OBJC_IMPLEMENTATIONS = YES;
				CLANG_WARN_DIRECT_OBJC_ISA_USAGE = YES_ERROR;
				CLANG_WARN_DOCUMENTATION_COMMENTS = YES;
				CLANG_WARN_EMPTY_BODY = YES;
				CLANG_WARN_ENUM_CONVERSION = YES;
				CLANG_WARN_INFINITE_RECURSION = YES;
				CLANG_WARN_INT_CONVERSION = YES;
				CLANG_WARN_NON_LITERAL_NULL_CONVERSION = YES;
				CLANG_WARN_OBJC_IMPLICIT_RETAIN_SELF = YES;
				CLANG_WARN_OBJC_LITERAL_CONVERSION = YES;
				CLANG_WARN_OBJC_ROOT_CLASS = YES_ERROR;
				CLANG_WARN_QUOTED_INCLUDE_IN_FRAMEWORK_HEADER = YES;
				CLANG_WARN_RANGE_LOOP_ANALYSIS = YES;
				CLANG_WARN_STRICT_PROTOTYPES = YES;
				CLANG_WARN_SUSPICIOUS_MOVE = YES;
				CLANG_WARN_UNGUARDED_AVAILABILITY = YES_AGGRESSIVE;
				CLANG_WARN_UNREACHABLE_CODE = YES;
				CLANG_WARN__DUPLICATE_METHOD_MATCH = YES;
				COPY_PHASE_STRIP = NO;
				DEBUG_INFORMATION_FORMAT = dwarf;
				ENABLE_STRICT_OBJC_MSGSEND = YES;
				ENABLE_TESTABILITY = YES;
				GCC_C_LANGUAGE_STANDARD = gnu11;
				GCC_DYNAMIC_NO_PIC = NO;
				GCC_NO_COMMON_BLOCKS = YES;
				GCC_OPTIMIZATION_LEVEL = 0;
				GCC_PREPROCESSOR_DEFINITIONS = (
					"DEBUG=1",
					"$(inherited)",
				);
				GCC_WARN_64_TO_32_BIT_CONVERSION = YES;
				GCC_WARN_ABOUT_RETURN_TYPE = YES_ERROR;
				GCC_WARN_UNDECLARED_SELECTOR = YES;
				GCC_WARN_UNINITIALIZED_AUTOS = YES_AGGRESSIVE;
				GCC_WARN_UNUSED_FUNCTION = YES;
				GCC_WARN_UNUSED_VARIABLE = YES;
				IPHONEOS_DEPLOYMENT_TARGET = 16.4;
				MTL_ENABLE_DEBUG_INFO = INCLUDE_SOURCE;
				MTL_FAST_MATH = YES;
				ONLY_ACTIVE_ARCH = YES;
				SDKROOT = iphoneos;
				SWIFT_ACTIVE_COMPILATION_CONDITIONS = DEBUG;
				SWIFT_OPTIMIZATION_LEVEL = "-Onone";
			};
			name = Debug;
		};
		7BCFFA882A25E1CD00D27B98 /* Release */ = {
			isa = XCBuildConfiguration;
			buildSettings = {
				ALWAYS_SEARCH_USER_PATHS = NO;
				CLANG_ANALYZER_NONNULL = YES;
				CLANG_ANALYZER_NUMBER_OBJECT_CONVERSION = YES_AGGRESSIVE;
				CLANG_CXX_LANGUAGE_STANDARD = "gnu++20";
				CLANG_ENABLE_MODULES = YES;
				CLANG_ENABLE_OBJC_ARC = YES;
				CLANG_ENABLE_OBJC_WEAK = YES;
				CLANG_WARN_BLOCK_CAPTURE_AUTORELEASING = YES;
				CLANG_WARN_BOOL_CONVERSION = YES;
				CLANG_WARN_COMMA = YES;
				CLANG_WARN_CONSTANT_CONVERSION = YES;
				CLANG_WARN_DEPRECATED_OBJC_IMPLEMENTATIONS = YES;
				CLANG_WARN_DIRECT_OBJC_ISA_USAGE = YES_ERROR;
				CLANG_WARN_DOCUMENTATION_COMMENTS = YES;
				CLANG_WARN_EMPTY_BODY = YES;
				CLANG_WARN_ENUM_CONVERSION = YES;
				CLANG_WARN_INFINITE_RECURSION = YES;
				CLANG_WARN_INT_CONVERSION = YES;
				CLANG_WARN_NON_LITERAL_NULL_CONVERSION = YES;
				CLANG_WARN_OBJC_IMPLICIT_RETAIN_SELF = YES;
				CLANG_WARN_OBJC_LITERAL_CONVERSION = YES;
				CLANG_WARN_OBJC_ROOT_CLASS = YES_ERROR;
				CLANG_WARN_QUOTED_INCLUDE_IN_FRAMEWORK_HEADER = YES;
				CLANG_WARN_RANGE_LOOP_ANALYSIS = YES;
				CLANG_WARN_STRICT_PROTOTYPES = YES;
				CLANG_WARN_SUSPICIOUS_MOVE = YES;
				CLANG_WARN_UNGUARDED_AVAILABILITY = YES_AGGRESSIVE;
				CLANG_WARN_UNREACHABLE_CODE = YES;
				CLANG_WARN__DUPLICATE_METHOD_MATCH = YES;
				COPY_PHASE_STRIP = NO;
				DEBUG_INFORMATION_FORMAT = "dwarf-with-dsym";
				ENABLE_NS_ASSERTIONS = NO;
				ENABLE_STRICT_OBJC_MSGSEND = YES;
				GCC_C_LANGUAGE_STANDARD = gnu11;
				GCC_NO_COMMON_BLOCKS = YES;
				GCC_WARN_64_TO_32_BIT_CONVERSION = YES;
				GCC_WARN_ABOUT_RETURN_TYPE = YES_ERROR;
				GCC_WARN_UNDECLARED_SELECTOR = YES;
				GCC_WARN_UNINITIALIZED_AUTOS = YES_AGGRESSIVE;
				GCC_WARN_UNUSED_FUNCTION = YES;
				GCC_WARN_UNUSED_VARIABLE = YES;
				IPHONEOS_DEPLOYMENT_TARGET = 16.4;
				MTL_ENABLE_DEBUG_INFO = NO;
				MTL_FAST_MATH = YES;
				SDKROOT = iphoneos;
				SWIFT_COMPILATION_MODE = wholemodule;
				SWIFT_OPTIMIZATION_LEVEL = "-O";
				VALIDATE_PRODUCT = YES;
			};
			name = Release;
		};
		7BCFFA8A2A25E1CD00D27B98 /* Debug */ = {
			isa = XCBuildConfiguration;
			buildSettings = {
				ASSETCATALOG_COMPILER_APPICON_NAME = AppIcon;
				ASSETCATALOG_COMPILER_GLOBAL_ACCENT_COLOR_NAME = AccentColor;
				CODE_SIGN_STYLE = Automatic;
				CURRENT_PROJECT_VERSION = 1;
				DEVELOPMENT_ASSET_PATHS = "\"Unit_Conversions/Preview Content\"";
				DEVELOPMENT_TEAM = B9S7PB8R45;
				ENABLE_PREVIEWS = YES;
				GENERATE_INFOPLIST_FILE = YES;
				INFOPLIST_KEY_UIApplicationSceneManifest_Generation = YES;
				INFOPLIST_KEY_UIApplicationSupportsIndirectInputEvents = YES;
				INFOPLIST_KEY_UILaunchScreen_Generation = YES;
				INFOPLIST_KEY_UISupportedInterfaceOrientations_iPad = "UIInterfaceOrientationPortrait UIInterfaceOrientationPortraitUpsideDown UIInterfaceOrientationLandscapeLeft UIInterfaceOrientationLandscapeRight";
				INFOPLIST_KEY_UISupportedInterfaceOrientations_iPhone = "UIInterfaceOrientationPortrait UIInterfaceOrientationLandscapeLeft UIInterfaceOrientationLandscapeRight";
				LD_RUNPATH_SEARCH_PATHS = (
					"$(inherited)",
					"@executable_path/Frameworks",
				);
				MARKETING_VERSION = 1.0;
				PRODUCT_BUNDLE_IDENTIFIER = "com.pagopatito.Unit-Conversions";
				PRODUCT_NAME = "$(TARGET_NAME)";
				SWIFT_EMIT_LOC_STRINGS = YES;
				SWIFT_VERSION = 5.0;
				TARGETED_DEVICE_FAMILY = "1,2";
			};
			name = Debug;
		};
		7BCFFA8B2A25E1CD00D27B98 /* Release */ = {
			isa = XCBuildConfiguration;
			buildSettings = {
				ASSETCATALOG_COMPILER_APPICON_NAME = AppIcon;
				ASSETCATALOG_COMPILER_GLOBAL_ACCENT_COLOR_NAME = AccentColor;
				CODE_SIGN_STYLE = Automatic;
				CURRENT_PROJECT_VERSION = 1;
				DEVELOPMENT_ASSET_PATHS = "\"Unit_Conversions/Preview Content\"";
				DEVELOPMENT_TEAM = B9S7PB8R45;
				ENABLE_PREVIEWS = YES;
				GENERATE_INFOPLIST_FILE = YES;
				INFOPLIST_KEY_UIApplicationSceneManifest_Generation = YES;
				INFOPLIST_KEY_UIApplicationSupportsIndirectInputEvents = YES;
				INFOPLIST_KEY_UILaunchScreen_Generation = YES;
				INFOPLIST_KEY_UISupportedInterfaceOrientations_iPad = "UIInterfaceOrientationPortrait UIInterfaceOrientationPortraitUpsideDown UIInterfaceOrientationLandscapeLeft UIInterfaceOrientationLandscapeRight";
				INFOPLIST_KEY_UISupportedInterfaceOrientations_iPhone = "UIInterfaceOrientationPortrait UIInterfaceOrientationLandscapeLeft UIInterfaceOrientationLandscapeRight";
				LD_RUNPATH_SEARCH_PATHS = (
					"$(inherited)",
					"@executable_path/Frameworks",
				);
				MARKETING_VERSION = 1.0;
				PRODUCT_BUNDLE_IDENTIFIER = "com.pagopatito.Unit-Conversions";
				PRODUCT_NAME = "$(TARGET_NAME)";
				SWIFT_EMIT_LOC_STRINGS = YES;
				SWIFT_VERSION = 5.0;
				TARGETED_DEVICE_FAMILY = "1,2";
			};
			name = Release;
		};
/* End XCBuildConfiguration section */

/* Begin XCConfigurationList section */
		7BCFFA762A25E1CC00D27B98 /* Build configuration list for PBXProject "Unit_Conversions" */ = {
			isa = XCConfigurationList;
			buildConfigurations = (
				7BCFFA872A25E1CD00D27B98 /* Debug */,
				7BCFFA882A25E1CD00D27B98 /* Release */,
			);
			defaultConfigurationIsVisible = 0;
			defaultConfigurationName = Release;
		};
		7BCFFA892A25E1CD00D27B98 /* Build configuration list for PBXNativeTarget "Unit_Conversions" */ = {
			isa = XCConfigurationList;
			buildConfigurations = (
				7BCFFA8A2A25E1CD00D27B98 /* Debug */,
				7BCFFA8B2A25E1CD00D27B98 /* Release */,
			);
			defaultConfigurationIsVisible = 0;
			defaultConfigurationName = Release;
		};
/* End XCConfigurationList section */
	};
	rootObject = 7BCFFA732A25E1CC00D27B98 /* Project object */;
}
